uuid: e8eb72ff-74d6-43ea-8de0-070d2c05e4ad
langcode: en
status: true
dependencies:
  config:
    - field.storage.paragraph.field_link_imgtxtblock
    - paragraphs.paragraphs_type.image_text2_block
  module:
    - link
id: paragraph.image_text2_block.field_link_imgtxtblock
field_name: field_link_imgtxtblock
entity_type: paragraph
bundle: image_text2_block
label: Link
description: ''
required: false
translatable: false
default_value: {  }
default_value_callback: ''
settings:
  link_type: 17
  title: 1
field_type: link
