uuid: c83374b6-4552-48b1-b4d6-9979cd659bdb
langcode: en
status: true
dependencies:
  config:
    - field.storage.paragraph.field_subhead_tblock
    - paragraphs.paragraphs_type.text_block_content_grid
id: paragraph.text_block_content_grid.field_subhead_tblock
field_name: field_subhead_tblock
entity_type: paragraph
bundle: text_block_content_grid
label: Subhead
description: ''
required: false
translatable: false
default_value: {  }
default_value_callback: ''
settings: {  }
field_type: string
