uuid: 8ffca584-b48a-49f6-bbd4-1df5ebd8eb29
langcode: en
status: true
dependencies:
  module:
    - file
    - image
    - paragraphs
id: paragraph.field_image_imgtxtblock
field_name: field_image_imgtxtblock
entity_type: paragraph
type: image
settings:
  uri_scheme: public
  default_image:
    uuid: ''
    alt: ''
    title: ''
    width: null
    height: null
  target_type: file
  display_field: false
  display_default: false
module: image
locked: false
cardinality: 1
translatable: true
indexes: {  }
persist_with_no_fields: false
custom_storage: false
