uuid: 6c7b913a-e0df-4789-9d40-a3fb8c24de3a
langcode: en
status: true
dependencies:
  module:
    - paragraphs
id: paragraph.field_subhead_tblock
field_name: field_subhead_tblock
entity_type: paragraph
type: string
settings:
  max_length: 255
  is_ascii: false
  case_sensitive: false
module: core
locked: false
cardinality: 1
translatable: true
indexes: {  }
persist_with_no_fields: false
custom_storage: false
