uuid: 7d79fad3-ff14-4efc-b7db-9373c02e35b5
langcode: en
status: true
dependencies:
  module:
    - paragraphs
    - text
id: paragraph.field_body_imgtxtblock
field_name: field_body_imgtxtblock
entity_type: paragraph
type: text_long
settings: {  }
module: text
locked: false
cardinality: 1
translatable: true
indexes: {  }
persist_with_no_fields: false
custom_storage: false
