uuid: 9cf6e3c4-9fec-4c77-b7c3-31ad362c2cc9
langcode: en
status: true
dependencies:
  module:
    - link
    - paragraphs
id: paragraph.field_link_imgtxtblock
field_name: field_link_imgtxtblock
entity_type: paragraph
type: link
settings: {  }
module: link
locked: false
cardinality: 1
translatable: true
indexes: {  }
persist_with_no_fields: false
custom_storage: false
